
Microsoft Visual Studio Solution File, Format Version 12.00
# Visual Studio Version 16
VisualStudioVersion = 16.0.30204.135
MinimumVisualStudioVersion = 10.0.40219.1
Project("{FAE04EC0-301F-11D3-BF4B-00C04F79EFBC}") = "rekkurent_net", "rekkurent_net\rekkurent_net.csproj", "{FA98420E-A2B9-45FD-8CDC-A25C080D9B47}"
EndProject
Global
	GlobalSection(SolutionConfigurationPlatforms) = preSolution
		Debug|Any CPU = Debug|Any CPU
		Release|Any CPU = Release|Any CPU
	EndGlobalSection
	GlobalSection(ProjectConfigurationPlatforms) = postSolution
		{FA98420E-A2B9-45FD-8CDC-A25C080D9B47}.Debug|Any CPU.ActiveCfg = Debug|Any CPU
		{FA98420E-A2B9-45FD-8CDC-A25C080D9B47}.Debug|Any CPU.Build.0 = Debug|Any CPU
		{FA98420E-A2B9-45FD-8CDC-A25C080D9B47}.Release|Any CPU.ActiveCfg = Release|Any CPU
		{FA98420E-A2B9-45FD-8CDC-A25C080D9B47}.Release|Any CPU.Build.0 = Release|Any CPU
	EndGlobalSection
	GlobalSection(SolutionProperties) = preSolution
		HideSolutionNode = FALSE
	EndGlobalSection
	GlobalSection(ExtensibilityGlobals) = postSolution
		SolutionGuid = {7F4F75B0-7016-425F-A820-9A3130E0715C}
	EndGlobalSection
EndGlobal
